
Microsoft Visual Studio Solution File, Format Version 12.00
# Visual Studio 14
VisualStudioVersion = 14.0.25420.1
MinimumVisualStudioVersion = 10.0.40219.1
Project("{F184B08F-C81C-45F6-A57F-5ABD9991F28F}") = "Yubico Server", "Yubico Server\Yubico Server.vbproj", "{DB78A4CD-1A49-4559-823F-9501C3DA8AFE}"
EndProject
Project("{F184B08F-C81C-45F6-A57F-5ABD9991F28F}") = "Yubico Web Services", "Yubico Web Services\Yubico Web Services.vbproj", "{D78B1C27-A437-47EF-9A0D-6B8E3BE5330D}"
EndProject
Project("{F184B08F-C81C-45F6-A57F-5ABD9991F28F}") = "Yubico Agent", "Yubico Agent\Yubico Agent.vbproj", "{90A8325B-CE8B-44E7-9096-867E7C284EEA}"
EndProject
Project("{F184B08F-C81C-45F6-A57F-5ABD9991F28F}") = "Yubico Agent Service", "Yubico Agent Service\Yubico Agent Service.vbproj", "{49185417-0EFA-4C5A-9F14-FE9C6468C070}"
EndProject
Project("{F184B08F-C81C-45F6-A57F-5ABD9991F28F}") = "Yubico Installer", "Yubico Installer\Yubico Installer.vbproj", "{0A9C685A-54F0-4272-9C19-09F4A8139A1D}"
EndProject
Global
	GlobalSection(SolutionConfigurationPlatforms) = preSolution
		Debug|Any CPU = Debug|Any CPU
		Release|Any CPU = Release|Any CPU
	EndGlobalSection
	GlobalSection(ProjectConfigurationPlatforms) = postSolution
		{DB78A4CD-1A49-4559-823F-9501C3DA8AFE}.Debug|Any CPU.ActiveCfg = Debug|Any CPU
		{DB78A4CD-1A49-4559-823F-9501C3DA8AFE}.Debug|Any CPU.Build.0 = Debug|Any CPU
		{DB78A4CD-1A49-4559-823F-9501C3DA8AFE}.Release|Any CPU.ActiveCfg = Release|Any CPU
		{DB78A4CD-1A49-4559-823F-9501C3DA8AFE}.Release|Any CPU.Build.0 = Release|Any CPU
		{D78B1C27-A437-47EF-9A0D-6B8E3BE5330D}.Debug|Any CPU.ActiveCfg = Debug|Any CPU
		{D78B1C27-A437-47EF-9A0D-6B8E3BE5330D}.Debug|Any CPU.Build.0 = Debug|Any CPU
		{D78B1C27-A437-47EF-9A0D-6B8E3BE5330D}.Release|Any CPU.ActiveCfg = Release|Any CPU
		{D78B1C27-A437-47EF-9A0D-6B8E3BE5330D}.Release|Any CPU.Build.0 = Release|Any CPU
		{90A8325B-CE8B-44E7-9096-867E7C284EEA}.Debug|Any CPU.ActiveCfg = Debug|Any CPU
		{90A8325B-CE8B-44E7-9096-867E7C284EEA}.Debug|Any CPU.Build.0 = Debug|Any CPU
		{90A8325B-CE8B-44E7-9096-867E7C284EEA}.Release|Any CPU.ActiveCfg = Release|Any CPU
		{90A8325B-CE8B-44E7-9096-867E7C284EEA}.Release|Any CPU.Build.0 = Release|Any CPU
		{49185417-0EFA-4C5A-9F14-FE9C6468C070}.Debug|Any CPU.ActiveCfg = Debug|Any CPU
		{49185417-0EFA-4C5A-9F14-FE9C6468C070}.Debug|Any CPU.Build.0 = Debug|Any CPU
		{49185417-0EFA-4C5A-9F14-FE9C6468C070}.Release|Any CPU.ActiveCfg = Release|Any CPU
		{49185417-0EFA-4C5A-9F14-FE9C6468C070}.Release|Any CPU.Build.0 = Release|Any CPU
		{0A9C685A-54F0-4272-9C19-09F4A8139A1D}.Debug|Any CPU.ActiveCfg = Debug|Any CPU
		{0A9C685A-54F0-4272-9C19-09F4A8139A1D}.Debug|Any CPU.Build.0 = Debug|Any CPU
		{0A9C685A-54F0-4272-9C19-09F4A8139A1D}.Release|Any CPU.ActiveCfg = Release|Any CPU
		{0A9C685A-54F0-4272-9C19-09F4A8139A1D}.Release|Any CPU.Build.0 = Release|Any CPU
	EndGlobalSection
	GlobalSection(SolutionProperties) = preSolution
		HideSolutionNode = FALSE
	EndGlobalSection
EndGlobal
